
Microsoft Visual Studio Solution File, Format Version 12.00
# Visual Studio 14
VisualStudioVersion = 14.0.23107.0
MinimumVisualStudioVersion = 10.0.40219.1
Project("{FAE04EC0-301F-11D3-BF4B-00C04F79EFBC}") = "de4dotShell", "de4dotShell.csproj", "{E6FCDC37-192D-40A1-B86A-F7087382B51F}"
EndProject
Global
	GlobalSection(SolutionConfigurationPlatforms) = preSolution
		Debug|x86 = Debug|x86
		Release|x86 = Release|x86
	EndGlobalSection
	GlobalSection(ProjectConfigurationPlatforms) = postSolution
		{E6FCDC37-192D-40A1-B86A-F7087382B51F}.Debug|x86.ActiveCfg = Release|x86
		{E6FCDC37-192D-40A1-B86A-F7087382B51F}.Debug|x86.Build.0 = Release|x86
		{E6FCDC37-192D-40A1-B86A-F7087382B51F}.Release|x86.ActiveCfg = Release|x86
		{E6FCDC37-192D-40A1-B86A-F7087382B51F}.Release|x86.Build.0 = Release|x86
	EndGlobalSection
	GlobalSection(SolutionProperties) = preSolution
		HideSolutionNode = FALSE
	EndGlobalSection
EndGlobal
